
Microsoft Visual Studio Solution File, Format Version 12.00
# Visual Studio 15
VisualStudioVersion = 15.0.28010.2016
MinimumVisualStudioVersion = 10.0.40219.1
Project("{FAE04EC0-301F-11D3-BF4B-00C04F79EFBC}") = "App1.Android", "App1\App1.Android\App1.Android.csproj", "{A333407C-7905-4B6A-ABCC-DA44E35F0765}"
EndProject
Project("{FAE04EC0-301F-11D3-BF4B-00C04F79EFBC}") = "App1.iOS", "App1\App1.iOS\App1.iOS.csproj", "{900A1187-41C5-46CA-8C28-5AF071B93087}"
EndProject
Project("{FAE04EC0-301F-11D3-BF4B-00C04F79EFBC}") = "App1.UWP", "App1\App1.UWP\App1.UWP.csproj", "{D96AE3C7-418D-4EC0-B5AA-E12E2BB79D75}"
EndProject
Project("{FAE04EC0-301F-11D3-BF4B-00C04F79EFBC}") = "App1", "App1\App1\App1.csproj", "{11DE7AF0-DA7A-4C6B-BDAF-544C6277B892}"
EndProject
Global
	GlobalSection(SolutionConfigurationPlatforms) = preSolution
		Ad-Hoc|Any CPU = Ad-Hoc|Any CPU
		Ad-Hoc|ARM = Ad-Hoc|ARM
		Ad-Hoc|iPhone = Ad-Hoc|iPhone
		Ad-Hoc|iPhoneSimulator = Ad-Hoc|iPhoneSimulator
		Ad-Hoc|x64 = Ad-Hoc|x64
		Ad-Hoc|x86 = Ad-Hoc|x86
		AppStore|Any CPU = AppStore|Any CPU
		AppStore|ARM = AppStore|ARM
		AppStore|iPhone = AppStore|iPhone
		AppStore|iPhoneSimulator = AppStore|iPhoneSimulator
		AppStore|x64 = AppStore|x64
		AppStore|x86 = AppStore|x86
		Debug|Any CPU = Debug|Any CPU
		Debug|ARM = Debug|ARM
		Debug|iPhone = Debug|iPhone
		Debug|iPhoneSimulator = Debug|iPhoneSimulator
		Debug|x64 = Debug|x64
		Debug|x86 = Debug|x86
		Release|Any CPU = Release|Any CPU
		Release|ARM = Release|ARM
		Release|iPhone = Release|iPhone
		Release|iPhoneSimulator = Release|iPhoneSimulator
		Release|x64 = Release|x64
		Release|x86 = Release|x86
	EndGlobalSection
	GlobalSection(ProjectConfigurationPlatforms) = postSolution
		{A333407C-7905-4B6A-ABCC-DA44E35F0765}.Ad-Hoc|Any CPU.ActiveCfg = Release|Any CPU
		{A333407C-7905-4B6A-ABCC-DA44E35F0765}.Ad-Hoc|Any CPU.Build.0 = Release|Any CPU
		{A333407C-7905-4B6A-ABCC-DA44E35F0765}.Ad-Hoc|Any CPU.Deploy.0 = Release|Any CPU
		{A333407C-7905-4B6A-ABCC-DA44E35F0765}.Ad-Hoc|ARM.ActiveCfg = Release|Any CPU
		{A333407C-7905-4B6A-ABCC-DA44E35F0765}.Ad-Hoc|ARM.Build.0 = Release|Any CPU
		{A333407C-7905-4B6A-ABCC-DA44E35F0765}.Ad-Hoc|ARM.Deploy.0 = Release|Any CPU
		{A333407C-7905-4B6A-ABCC-DA44E35F0765}.Ad-Hoc|iPhone.ActiveCfg = Release|Any CPU
		{A333407C-7905-4B6A-ABCC-DA44E35F0765}.Ad-Hoc|iPhone.Build.0 = Release|Any CPU
		{A333407C-7905-4B6A-ABCC-DA44E35F0765}.Ad-Hoc|iPhone.Deploy.0 = Release|Any CPU
		{A333407C-7905-4B6A-ABCC-DA44E35F0765}.Ad-Hoc|iPhoneSimulator.ActiveCfg = Release|Any CPU
		{A333407C-7905-4B6A-ABCC-DA44E35F0765}.Ad-Hoc|iPhoneSimulator.Build.0 = Release|Any CPU
		{A333407C-7905-4B6A-ABCC-DA44E35F0765}.Ad-Hoc|iPhoneSimulator.Deploy.0 = Release|Any CPU
		{A333407C-7905-4B6A-ABCC-DA44E35F0765}.Ad-Hoc|x64.ActiveCfg = Release|Any CPU
		{A333407C-7905-4B6A-ABCC-DA44E35F0765}.Ad-Hoc|x64.Build.0 = Release|Any CPU
		{A333407C-7905-4B6A-ABCC-DA44E35F0765}.Ad-Hoc|x64.Deploy.0 = Release|Any CPU
		{A333407C-7905-4B6A-ABCC-DA44E35F0765}.Ad-Hoc|x86.ActiveCfg = Release|Any CPU
		{A333407C-7905-4B6A-ABCC-DA44E35F0765}.Ad-Hoc|x86.Build.0 = Release|Any CPU
		{A333407C-7905-4B6A-ABCC-DA44E35F0765}.Ad-Hoc|x86.Deploy.0 = Release|Any CPU
		{A333407C-7905-4B6A-ABCC-DA44E35F0765}.AppStore|Any CPU.ActiveCfg = Release|Any CPU
		{A333407C-7905-4B6A-ABCC-DA44E35F0765}.AppStore|Any CPU.Build.0 = Release|Any CPU
		{A333407C-7905-4B6A-ABCC-DA44E35F0765}.AppStore|Any CPU.Deploy.0 = Release|Any CPU
		{A333407C-7905-4B6A-ABCC-DA44E35F0765}.AppStore|ARM.ActiveCfg = Release|Any CPU
		{A333407C-7905-4B6A-ABCC-DA44E35F0765}.AppStore|ARM.Build.0 = Release|Any CPU
		{A333407C-7905-4B6A-ABCC-DA44E35F0765}.AppStore|ARM.Deploy.0 = Release|Any CPU
		{A333407C-7905-4B6A-ABCC-DA44E35F0765}.AppStore|iPhone.ActiveCfg = Release|Any CPU
		{A333407C-7905-4B6A-ABCC-DA44E35F0765}.AppStore|iPhone.Build.0 = Release|Any CPU
		{A333407C-7905-4B6A-ABCC-DA44E35F0765}.AppStore|iPhone.Deploy.0 = Release|Any CPU
		{A333407C-7905-4B6A-ABCC-DA44E35F0765}.AppStore|iPhoneSimulator.ActiveCfg = Release|Any CPU
		{A333407C-7905-4B6A-ABCC-DA44E35F0765}.AppStore|iPhoneSimulator.Build.0 = Release|Any CPU
		{A333407C-7905-4B6A-ABCC-DA44E35F0765}.AppStore|iPhoneSimulator.Deploy.0 = Release|Any CPU
		{A333407C-7905-4B6A-ABCC-DA44E35F0765}.AppStore|x64.ActiveCfg = Release|Any CPU
		{A333407C-7905-4B6A-ABCC-DA44E35F0765}.AppStore|x64.Build.0 = Release|Any CPU
		{A333407C-7905-4B6A-ABCC-DA44E35F0765}.AppStore|x64.Deploy.0 = Release|Any CPU
		{A333407C-7905-4B6A-ABCC-DA44E35F0765}.AppStore|x86.ActiveCfg = Release|Any CPU
		{A333407C-7905-4B6A-ABCC-DA44E35F0765}.AppStore|x86.Build.0 = Release|Any CPU
		{A333407C-7905-4B6A-ABCC-DA44E35F0765}.AppStore|x86.Deploy.0 = Release|Any CPU
		{A333407C-7905-4B6A-ABCC-DA44E35F0765}.Debug|Any CPU.ActiveCfg = Debug|Any CPU
		{A333407C-7905-4B6A-ABCC-DA44E35F0765}.Debug|Any CPU.Build.0 = Debug|Any CPU
		{A333407C-7905-4B6A-ABCC-DA44E35F0765}.Debug|Any CPU.Deploy.0 = Debug|Any CPU
		{A333407C-7905-4B6A-ABCC-DA44E35F0765}.Debug|ARM.ActiveCfg = Debug|Any CPU
		{A333407C-7905-4B6A-ABCC-DA44E35F0765}.Debug|ARM.Build.0 = Debug|Any CPU
		{A333407C-7905-4B6A-ABCC-DA44E35F0765}.Debug|ARM.Deploy.0 = Debug|Any CPU
		{A333407C-7905-4B6A-ABCC-DA44E35F0765}.Debug|iPhone.ActiveCfg = Debug|Any CPU
		{A333407C-7905-4B6A-ABCC-DA44E35F0765}.Debug|iPhone.Build.0 = Debug|Any CPU
		{A333407C-7905-4B6A-ABCC-DA44E35F0765}.Debug|iPhone.Deploy.0 = Debug|Any CPU
		{A333407C-7905-4B6A-ABCC-DA44E35F0765}.Debug|iPhoneSimulator.ActiveCfg = Debug|Any CPU
		{A333407C-7905-4B6A-ABCC-DA44E35F0765}.Debug|iPhoneSimulator.Build.0 = Debug|Any CPU
		{A333407C-7905-4B6A-ABCC-DA44E35F0765}.Debug|iPhoneSimulator.Deploy.0 = Debug|Any CPU
		{A333407C-7905-4B6A-ABCC-DA44E35F0765}.Debug|x64.ActiveCfg = Debug|Any CPU
		{A333407C-7905-4B6A-ABCC-DA44E35F0765}.Debug|x64.Build.0 = Debug|Any CPU
		{A333407C-7905-4B6A-ABCC-DA44E35F0765}.Debug|x64.Deploy.0 = Debug|Any CPU
		{A333407C-7905-4B6A-ABCC-DA44E35F0765}.Debug|x86.ActiveCfg = Debug|Any CPU
		{A333407C-7905-4B6A-ABCC-DA44E35F0765}.Debug|x86.Build.0 = Debug|Any CPU
		{A333407C-7905-4B6A-ABCC-DA44E35F0765}.Debug|x86.Deploy.0 = Debug|Any CPU
		{A333407C-7905-4B6A-ABCC-DA44E35F0765}.Release|Any CPU.ActiveCfg = Release|Any CPU
		{A333407C-7905-4B6A-ABCC-DA44E35F0765}.Release|Any CPU.Build.0 = Release|Any CPU
		{A333407C-7905-4B6A-ABCC-DA44E35F0765}.Release|Any CPU.Deploy.0 = Release|Any CPU
		{A333407C-7905-4B6A-ABCC-DA44E35F0765}.Release|ARM.ActiveCfg = Release|Any CPU
		{A333407C-7905-4B6A-ABCC-DA44E35F0765}.Release|ARM.Build.0 = Release|Any CPU
		{A333407C-7905-4B6A-ABCC-DA44E35F0765}.Release|ARM.Deploy.0 = Release|Any CPU
		{A333407C-7905-4B6A-ABCC-DA44E35F0765}.Release|iPhone.ActiveCfg = Release|Any CPU
		{A333407C-7905-4B6A-ABCC-DA44E35F0765}.Release|iPhone.Build.0 = Release|Any CPU
		{A333407C-7905-4B6A-ABCC-DA44E35F0765}.Release|iPhone.Deploy.0 = Release|Any CPU
		{A333407C-7905-4B6A-ABCC-DA44E35F0765}.Release|iPhoneSimulator.ActiveCfg = Release|Any CPU
		{A333407C-7905-4B6A-ABCC-DA44E35F0765}.Release|iPhoneSimulator.Build.0 = Release|Any CPU
		{A333407C-7905-4B6A-ABCC-DA44E35F0765}.Release|iPhoneSimulator.Deploy.0 = Release|Any CPU
		{A333407C-7905-4B6A-ABCC-DA44E35F0765}.Release|x64.ActiveCfg = Release|Any CPU
		{A333407C-7905-4B6A-ABCC-DA44E35F0765}.Release|x64.Build.0 = Release|Any CPU
		{A333407C-7905-4B6A-ABCC-DA44E35F0765}.Release|x64.Deploy.0 = Release|Any CPU
		{A333407C-7905-4B6A-ABCC-DA44E35F0765}.Release|x86.ActiveCfg = Release|Any CPU
		{A333407C-7905-4B6A-ABCC-DA44E35F0765}.Release|x86.Build.0 = Release|Any CPU
		{A333407C-7905-4B6A-ABCC-DA44E35F0765}.Release|x86.Deploy.0 = Release|Any CPU
		{900A1187-41C5-46CA-8C28-5AF071B93087}.Ad-Hoc|Any CPU.ActiveCfg = Ad-Hoc|iPhone
		{900A1187-41C5-46CA-8C28-5AF071B93087}.Ad-Hoc|Any CPU.Build.0 = Ad-Hoc|iPhone
		{900A1187-41C5-46CA-8C28-5AF071B93087}.Ad-Hoc|Any CPU.Deploy.0 = Ad-Hoc|iPhone
		{900A1187-41C5-46CA-8C28-5AF071B93087}.Ad-Hoc|ARM.ActiveCfg = Ad-Hoc|iPhone
		{900A1187-41C5-46CA-8C28-5AF071B93087}.Ad-Hoc|ARM.Build.0 = Ad-Hoc|iPhone
		{900A1187-41C5-46CA-8C28-5AF071B93087}.Ad-Hoc|ARM.Deploy.0 = Ad-Hoc|iPhone
		{900A1187-41C5-46CA-8C28-5AF071B93087}.Ad-Hoc|iPhone.ActiveCfg = Ad-Hoc|iPhone
		{900A1187-41C5-46CA-8C28-5AF071B93087}.Ad-Hoc|iPhone.Build.0 = Ad-Hoc|iPhone
		{900A1187-41C5-46CA-8C28-5AF071B93087}.Ad-Hoc|iPhone.Deploy.0 = Ad-Hoc|iPhone
		{900A1187-41C5-46CA-8C28-5AF071B93087}.Ad-Hoc|iPhoneSimulator.ActiveCfg = Ad-Hoc|iPhoneSimulator
		{900A1187-41C5-46CA-8C28-5AF071B93087}.Ad-Hoc|iPhoneSimulator.Build.0 = Ad-Hoc|iPhoneSimulator
		{900A1187-41C5-46CA-8C28-5AF071B93087}.Ad-Hoc|iPhoneSimulator.Deploy.0 = Ad-Hoc|iPhoneSimulator
		{900A1187-41C5-46CA-8C28-5AF071B93087}.Ad-Hoc|x64.ActiveCfg = Ad-Hoc|iPhone
		{900A1187-41C5-46CA-8C28-5AF071B93087}.Ad-Hoc|x64.Build.0 = Ad-Hoc|iPhone
		{900A1187-41C5-46CA-8C28-5AF071B93087}.Ad-Hoc|x64.Deploy.0 = Ad-Hoc|iPhone
		{900A1187-41C5-46CA-8C28-5AF071B93087}.Ad-Hoc|x86.ActiveCfg = Ad-Hoc|iPhone
		{900A1187-41C5-46CA-8C28-5AF071B93087}.Ad-Hoc|x86.Build.0 = Ad-Hoc|iPhone
		{900A1187-41C5-46CA-8C28-5AF071B93087}.Ad-Hoc|x86.Deploy.0 = Ad-Hoc|iPhone
		{900A1187-41C5-46CA-8C28-5AF071B93087}.AppStore|Any CPU.ActiveCfg = AppStore|iPhone
		{900A1187-41C5-46CA-8C28-5AF071B93087}.AppStore|Any CPU.Build.0 = AppStore|iPhone
		{900A1187-41C5-46CA-8C28-5AF071B93087}.AppStore|Any CPU.Deploy.0 = AppStore|iPhone
		{900A1187-41C5-46CA-8C28-5AF071B93087}.AppStore|ARM.ActiveCfg = AppStore|iPhone
		{900A1187-41C5-46CA-8C28-5AF071B93087}.AppStore|ARM.Build.0 = AppStore|iPhone
		{900A1187-41C5-46CA-8C28-5AF071B93087}.AppStore|ARM.Deploy.0 = AppStore|iPhone
		{900A1187-41C5-46CA-8C28-5AF071B93087}.AppStore|iPhone.ActiveCfg = AppStore|iPhone
		{900A1187-41C5-46CA-8C28-5AF071B93087}.AppStore|iPhone.Build.0 = AppStore|iPhone
		{900A1187-41C5-46CA-8C28-5AF071B93087}.AppStore|iPhone.Deploy.0 = AppStore|iPhone
		{900A1187-41C5-46CA-8C28-5AF071B93087}.AppStore|iPhoneSimulator.ActiveCfg = AppStore|iPhoneSimulator
		{900A1187-41C5-46CA-8C28-5AF071B93087}.AppStore|iPhoneSimulator.Build.0 = AppStore|iPhoneSimulator
		{900A1187-41C5-46CA-8C28-5AF071B93087}.AppStore|iPhoneSimulator.Deploy.0 = AppStore|iPhoneSimulator
		{900A1187-41C5-46CA-8C28-5AF071B93087}.AppStore|x64.ActiveCfg = AppStore|iPhone
		{900A1187-41C5-46CA-8C28-5AF071B93087}.AppStore|x64.Build.0 = AppStore|iPhone
		{900A1187-41C5-46CA-8C28-5AF071B93087}.AppStore|x64.Deploy.0 = AppStore|iPhone
		{900A1187-41C5-46CA-8C28-5AF071B93087}.AppStore|x86.ActiveCfg = AppStore|iPhone
		{900A1187-41C5-46CA-8C28-5AF071B93087}.AppStore|x86.Build.0 = AppStore|iPhone
		{900A1187-41C5-46CA-8C28-5AF071B93087}.AppStore|x86.Deploy.0 = AppStore|iPhone
		{900A1187-41C5-46CA-8C28-5AF071B93087}.Debug|Any CPU.ActiveCfg = Debug|iPhoneSimulator
		{900A1187-41C5-46CA-8C28-5AF071B93087}.Debug|Any CPU.Build.0 = Debug|iPhoneSimulator
		{900A1187-41C5-46CA-8C28-5AF071B93087}.Debug|Any CPU.Deploy.0 = Debug|iPhoneSimulator
		{900A1187-41C5-46CA-8C28-5AF071B93087}.Debug|ARM.ActiveCfg = Debug|iPhone
		{900A1187-41C5-46CA-8C28-5AF071B93087}.Debug|ARM.Build.0 = Debug|iPhone
		{900A1187-41C5-46CA-8C28-5AF071B93087}.Debug|ARM.Deploy.0 = Debug|iPhone
		{900A1187-41C5-46CA-8C28-5AF071B93087}.Debug|iPhone.ActiveCfg = Debug|iPhone
		{900A1187-41C5-46CA-8C28-5AF071B93087}.Debug|iPhone.Build.0 = Debug|iPhone
		{900A1187-41C5-46CA-8C28-5AF071B93087}.Debug|iPhone.Deploy.0 = Debug|iPhone
		{900A1187-41C5-46CA-8C28-5AF071B93087}.Debug|iPhoneSimulator.ActiveCfg = Debug|iPhoneSimulator
		{900A1187-41C5-46CA-8C28-5AF071B93087}.Debug|iPhoneSimulator.Build.0 = Debug|iPhoneSimulator
		{900A1187-41C5-46CA-8C28-5AF071B93087}.Debug|iPhoneSimulator.Deploy.0 = Debug|iPhoneSimulator
		{900A1187-41C5-46CA-8C28-5AF071B93087}.Debug|x64.ActiveCfg = Debug|iPhone
		{900A1187-41C5-46CA-8C28-5AF071B93087}.Debug|x64.Build.0 = Debug|iPhone
		{900A1187-41C5-46CA-8C28-5AF071B93087}.Debug|x64.Deploy.0 = Debug|iPhone
		{900A1187-41C5-46CA-8C28-5AF071B93087}.Debug|x86.ActiveCfg = Debug|iPhone
		{900A1187-41C5-46CA-8C28-5AF071B93087}.Debug|x86.Build.0 = Debug|iPhone
		{900A1187-41C5-46CA-8C28-5AF071B93087}.Debug|x86.Deploy.0 = Debug|iPhone
		{900A1187-41C5-46CA-8C28-5AF071B93087}.Release|Any CPU.ActiveCfg = Release|iPhone
		{900A1187-41C5-46CA-8C28-5AF071B93087}.Release|Any CPU.Build.0 = Release|iPhone
		{900A1187-41C5-46CA-8C28-5AF071B93087}.Release|Any CPU.Deploy.0 = Release|iPhone
		{900A1187-41C5-46CA-8C28-5AF071B93087}.Release|ARM.ActiveCfg = Release|iPhone
		{900A1187-41C5-46CA-8C28-5AF071B93087}.Release|ARM.Build.0 = Release|iPhone
		{900A1187-41C5-46CA-8C28-5AF071B93087}.Release|ARM.Deploy.0 = Release|iPhone
		{900A1187-41C5-46CA-8C28-5AF071B93087}.Release|iPhone.ActiveCfg = Release|iPhone
		{900A1187-41C5-46CA-8C28-5AF071B93087}.Release|iPhone.Build.0 = Release|iPhone
		{900A1187-41C5-46CA-8C28-5AF071B93087}.Release|iPhone.Deploy.0 = Release|iPhone
		{900A1187-41C5-46CA-8C28-5AF071B93087}.Release|iPhoneSimulator.ActiveCfg = Release|iPhoneSimulator
		{900A1187-41C5-46CA-8C28-5AF071B93087}.Release|iPhoneSimulator.Build.0 = Release|iPhoneSimulator
		{900A1187-41C5-46CA-8C28-5AF071B93087}.Release|iPhoneSimulator.Deploy.0 = Release|iPhoneSimulator
		{900A1187-41C5-46CA-8C28-5AF071B93087}.Release|x64.ActiveCfg = Release|iPhone
		{900A1187-41C5-46CA-8C28-5AF071B93087}.Release|x64.Build.0 = Release|iPhone
		{900A1187-41C5-46CA-8C28-5AF071B93087}.Release|x64.Deploy.0 = Release|iPhone
		{900A1187-41C5-46CA-8C28-5AF071B93087}.Release|x86.ActiveCfg = Release|iPhone
		{900A1187-41C5-46CA-8C28-5AF071B93087}.Release|x86.Build.0 = Release|iPhone
		{900A1187-41C5-46CA-8C28-5AF071B93087}.Release|x86.Deploy.0 = Release|iPhone
		{D96AE3C7-418D-4EC0-B5AA-E12E2BB79D75}.Ad-Hoc|Any CPU.ActiveCfg = Release|x86
		{D96AE3C7-418D-4EC0-B5AA-E12E2BB79D75}.Ad-Hoc|Any CPU.Build.0 = Release|x86
		{D96AE3C7-418D-4EC0-B5AA-E12E2BB79D75}.Ad-Hoc|Any CPU.Deploy.0 = Release|x86
		{D96AE3C7-418D-4EC0-B5AA-E12E2BB79D75}.Ad-Hoc|ARM.ActiveCfg = Release|ARM
		{D96AE3C7-418D-4EC0-B5AA-E12E2BB79D75}.Ad-Hoc|ARM.Build.0 = Release|ARM
		{D96AE3C7-418D-4EC0-B5AA-E12E2BB79D75}.Ad-Hoc|ARM.Deploy.0 = Release|ARM
		{D96AE3C7-418D-4EC0-B5AA-E12E2BB79D75}.Ad-Hoc|iPhone.ActiveCfg = Release|x86
		{D96AE3C7-418D-4EC0-B5AA-E12E2BB79D75}.Ad-Hoc|iPhone.Build.0 = Release|x86
		{D96AE3C7-418D-4EC0-B5AA-E12E2BB79D75}.Ad-Hoc|iPhone.Deploy.0 = Release|x86
		{D96AE3C7-418D-4EC0-B5AA-E12E2BB79D75}.Ad-Hoc|iPhoneSimulator.ActiveCfg = Release|x86
		{D96AE3C7-418D-4EC0-B5AA-E12E2BB79D75}.Ad-Hoc|iPhoneSimulator.Build.0 = Release|x86
		{D96AE3C7-418D-4EC0-B5AA-E12E2BB79D75}.Ad-Hoc|iPhoneSimulator.Deploy.0 = Release|x86
		{D96AE3C7-418D-4EC0-B5AA-E12E2BB79D75}.Ad-Hoc|x64.ActiveCfg = Release|x64
		{D96AE3C7-418D-4EC0-B5AA-E12E2BB79D75}.Ad-Hoc|x64.Build.0 = Release|x64
		{D96AE3C7-418D-4EC0-B5AA-E12E2BB79D75}.Ad-Hoc|x64.Deploy.0 = Release|x64
		{D96AE3C7-418D-4EC0-B5AA-E12E2BB79D75}.Ad-Hoc|x86.ActiveCfg = Release|x86
		{D96AE3C7-418D-4EC0-B5AA-E12E2BB79D75}.Ad-Hoc|x86.Build.0 = Release|x86
		{D96AE3C7-418D-4EC0-B5AA-E12E2BB79D75}.Ad-Hoc|x86.Deploy.0 = Release|x86
		{D96AE3C7-418D-4EC0-B5AA-E12E2BB79D75}.AppStore|Any CPU.ActiveCfg = Release|x86
		{D96AE3C7-418D-4EC0-B5AA-E12E2BB79D75}.AppStore|Any CPU.Build.0 = Release|x86
		{D96AE3C7-418D-4EC0-B5AA-E12E2BB79D75}.AppStore|Any CPU.Deploy.0 = Release|x86
		{D96AE3C7-418D-4EC0-B5AA-E12E2BB79D75}.AppStore|ARM.ActiveCfg = Release|ARM
		{D96AE3C7-418D-4EC0-B5AA-E12E2BB79D75}.AppStore|ARM.Build.0 = Release|ARM
		{D96AE3C7-418D-4EC0-B5AA-E12E2BB79D75}.AppStore|ARM.Deploy.0 = Release|ARM
		{D96AE3C7-418D-4EC0-B5AA-E12E2BB79D75}.AppStore|iPhone.ActiveCfg = Release|x86
		{D96AE3C7-418D-4EC0-B5AA-E12E2BB79D75}.AppStore|iPhone.Build.0 = Release|x86
		{D96AE3C7-418D-4EC0-B5AA-E12E2BB79D75}.AppStore|iPhone.Deploy.0 = Release|x86
		{D96AE3C7-418D-4EC0-B5AA-E12E2BB79D75}.AppStore|iPhoneSimulator.ActiveCfg = Release|x86
		{D96AE3C7-418D-4EC0-B5AA-E12E2BB79D75}.AppStore|iPhoneSimulator.Build.0 = Release|x86
		{D96AE3C7-418D-4EC0-B5AA-E12E2BB79D75}.AppStore|iPhoneSimulator.Deploy.0 = Release|x86
		{D96AE3C7-418D-4EC0-B5AA-E12E2BB79D75}.AppStore|x64.ActiveCfg = Release|x64
		{D96AE3C7-418D-4EC0-B5AA-E12E2BB79D75}.AppStore|x64.Build.0 = Release|x64
		{D96AE3C7-418D-4EC0-B5AA-E12E2BB79D75}.AppStore|x64.Deploy.0 = Release|x64
		{D96AE3C7-418D-4EC0-B5AA-E12E2BB79D75}.AppStore|x86.ActiveCfg = Release|x86
		{D96AE3C7-418D-4EC0-B5AA-E12E2BB79D75}.AppStore|x86.Build.0 = Release|x86
		{D96AE3C7-418D-4EC0-B5AA-E12E2BB79D75}.AppStore|x86.Deploy.0 = Release|x86
		{D96AE3C7-418D-4EC0-B5AA-E12E2BB79D75}.Debug|Any CPU.ActiveCfg = Debug|x86
		{D96AE3C7-418D-4EC0-B5AA-E12E2BB79D75}.Debug|Any CPU.Build.0 = Debug|x86
		{D96AE3C7-418D-4EC0-B5AA-E12E2BB79D75}.Debug|Any CPU.Deploy.0 = Debug|x86
		{D96AE3C7-418D-4EC0-B5AA-E12E2BB79D75}.Debug|ARM.ActiveCfg = Debug|ARM
		{D96AE3C7-418D-4EC0-B5AA-E12E2BB79D75}.Debug|ARM.Build.0 = Debug|ARM
		{D96AE3C7-418D-4EC0-B5AA-E12E2BB79D75}.Debug|ARM.Deploy.0 = Debug|ARM
		{D96AE3C7-418D-4EC0-B5AA-E12E2BB79D75}.Debug|iPhone.ActiveCfg = Debug|x86
		{D96AE3C7-418D-4EC0-B5AA-E12E2BB79D75}.Debug|iPhone.Build.0 = Debug|x86
		{D96AE3C7-418D-4EC0-B5AA-E12E2BB79D75}.Debug|iPhone.Deploy.0 = Debug|x86
		{D96AE3C7-418D-4EC0-B5AA-E12E2BB79D75}.Debug|iPhoneSimulator.ActiveCfg = Debug|x86
		{D96AE3C7-418D-4EC0-B5AA-E12E2BB79D75}.Debug|iPhoneSimulator.Build.0 = Debug|x86
		{D96AE3C7-418D-4EC0-B5AA-E12E2BB79D75}.Debug|iPhoneSimulator.Deploy.0 = Debug|x86
		{D96AE3C7-418D-4EC0-B5AA-E12E2BB79D75}.Debug|x64.ActiveCfg = Debug|x64
		{D96AE3C7-418D-4EC0-B5AA-E12E2BB79D75}.Debug|x64.Build.0 = Debug|x64
		{D96AE3C7-418D-4EC0-B5AA-E12E2BB79D75}.Debug|x64.Deploy.0 = Debug|x64
		{D96AE3C7-418D-4EC0-B5AA-E12E2BB79D75}.Debug|x86.ActiveCfg = Debug|x86
		{D96AE3C7-418D-4EC0-B5AA-E12E2BB79D75}.Debug|x86.Build.0 = Debug|x86
		{D96AE3C7-418D-4EC0-B5AA-E12E2BB79D75}.Debug|x86.Deploy.0 = Debug|x86
		{D96AE3C7-418D-4EC0-B5AA-E12E2BB79D75}.Release|Any CPU.ActiveCfg = Release|x86
		{D96AE3C7-418D-4EC0-B5AA-E12E2BB79D75}.Release|Any CPU.Build.0 = Release|x86
		{D96AE3C7-418D-4EC0-B5AA-E12E2BB79D75}.Release|Any CPU.Deploy.0 = Release|x86
		{D96AE3C7-418D-4EC0-B5AA-E12E2BB79D75}.Release|ARM.ActiveCfg = Release|ARM
		{D96AE3C7-418D-4EC0-B5AA-E12E2BB79D75}.Release|ARM.Build.0 = Release|ARM
		{D96AE3C7-418D-4EC0-B5AA-E12E2BB79D75}.Release|ARM.Deploy.0 = Release|ARM
		{D96AE3C7-418D-4EC0-B5AA-E12E2BB79D75}.Release|iPhone.ActiveCfg = Release|x86
		{D96AE3C7-418D-4EC0-B5AA-E12E2BB79D75}.Release|iPhone.Build.0 = Release|x86
		{D96AE3C7-418D-4EC0-B5AA-E12E2BB79D75}.Release|iPhone.Deploy.0 = Release|x86
		{D96AE3C7-418D-4EC0-B5AA-E12E2BB79D75}.Release|iPhoneSimulator.ActiveCfg = Release|x86
		{D96AE3C7-418D-4EC0-B5AA-E12E2BB79D75}.Release|iPhoneSimulator.Build.0 = Release|x86
		{D96AE3C7-418D-4EC0-B5AA-E12E2BB79D75}.Release|iPhoneSimulator.Deploy.0 = Release|x86
		{D96AE3C7-418D-4EC0-B5AA-E12E2BB79D75}.Release|x64.ActiveCfg = Release|x64
		{D96AE3C7-418D-4EC0-B5AA-E12E2BB79D75}.Release|x64.Build.0 = Release|x64
		{D96AE3C7-418D-4EC0-B5AA-E12E2BB79D75}.Release|x64.Deploy.0 = Release|x64
		{D96AE3C7-418D-4EC0-B5AA-E12E2BB79D75}.Release|x86.ActiveCfg = Release|x86
		{D96AE3C7-418D-4EC0-B5AA-E12E2BB79D75}.Release|x86.Build.0 = Release|x86
		{D96AE3C7-418D-4EC0-B5AA-E12E2BB79D75}.Release|x86.Deploy.0 = Release|x86
		{11DE7AF0-DA7A-4C6B-BDAF-544C6277B892}.Ad-Hoc|Any CPU.ActiveCfg = Debug|Any CPU
		{11DE7AF0-DA7A-4C6B-BDAF-544C6277B892}.Ad-Hoc|Any CPU.Build.0 = Debug|Any CPU
		{11DE7AF0-DA7A-4C6B-BDAF-544C6277B892}.Ad-Hoc|Any CPU.Deploy.0 = Debug|Any CPU
		{11DE7AF0-DA7A-4C6B-BDAF-544C6277B892}.Ad-Hoc|ARM.ActiveCfg = Debug|Any CPU
		{11DE7AF0-DA7A-4C6B-BDAF-544C6277B892}.Ad-Hoc|ARM.Build.0 = Debug|Any CPU
		{11DE7AF0-DA7A-4C6B-BDAF-544C6277B892}.Ad-Hoc|ARM.Deploy.0 = Debug|Any CPU
		{11DE7AF0-DA7A-4C6B-BDAF-544C6277B892}.Ad-Hoc|iPhone.ActiveCfg = Debug|Any CPU
		{11DE7AF0-DA7A-4C6B-BDAF-544C6277B892}.Ad-Hoc|iPhone.Build.0 = Debug|Any CPU
		{11DE7AF0-DA7A-4C6B-BDAF-544C6277B892}.Ad-Hoc|iPhone.Deploy.0 = Debug|Any CPU
		{11DE7AF0-DA7A-4C6B-BDAF-544C6277B892}.Ad-Hoc|iPhoneSimulator.ActiveCfg = Debug|Any CPU
		{11DE7AF0-DA7A-4C6B-BDAF-544C6277B892}.Ad-Hoc|iPhoneSimulator.Build.0 = Debug|Any CPU
		{11DE7AF0-DA7A-4C6B-BDAF-544C6277B892}.Ad-Hoc|iPhoneSimulator.Deploy.0 = Debug|Any CPU
		{11DE7AF0-DA7A-4C6B-BDAF-544C6277B892}.Ad-Hoc|x64.ActiveCfg = Debug|Any CPU
		{11DE7AF0-DA7A-4C6B-BDAF-544C6277B892}.Ad-Hoc|x64.Build.0 = Debug|Any CPU
		{11DE7AF0-DA7A-4C6B-BDAF-544C6277B892}.Ad-Hoc|x64.Deploy.0 = Debug|Any CPU
		{11DE7AF0-DA7A-4C6B-BDAF-544C6277B892}.Ad-Hoc|x86.ActiveCfg = Debug|Any CPU
		{11DE7AF0-DA7A-4C6B-BDAF-544C6277B892}.Ad-Hoc|x86.Build.0 = Debug|Any CPU
		{11DE7AF0-DA7A-4C6B-BDAF-544C6277B892}.Ad-Hoc|x86.Deploy.0 = Debug|Any CPU
		{11DE7AF0-DA7A-4C6B-BDAF-544C6277B892}.AppStore|Any CPU.ActiveCfg = Debug|Any CPU
		{11DE7AF0-DA7A-4C6B-BDAF-544C6277B892}.AppStore|Any CPU.Build.0 = Debug|Any CPU
		{11DE7AF0-DA7A-4C6B-BDAF-544C6277B892}.AppStore|Any CPU.Deploy.0 = Debug|Any CPU
		{11DE7AF0-DA7A-4C6B-BDAF-544C6277B892}.AppStore|ARM.ActiveCfg = Debug|Any CPU
		{11DE7AF0-DA7A-4C6B-BDAF-544C6277B892}.AppStore|ARM.Build.0 = Debug|Any CPU
		{11DE7AF0-DA7A-4C6B-BDAF-544C6277B892}.AppStore|ARM.Deploy.0 = Debug|Any CPU
		{11DE7AF0-DA7A-4C6B-BDAF-544C6277B892}.AppStore|iPhone.ActiveCfg = Debug|Any CPU
		{11DE7AF0-DA7A-4C6B-BDAF-544C6277B892}.AppStore|iPhone.Build.0 = Debug|Any CPU
		{11DE7AF0-DA7A-4C6B-BDAF-544C6277B892}.AppStore|iPhone.Deploy.0 = Debug|Any CPU
		{11DE7AF0-DA7A-4C6B-BDAF-544C6277B892}.AppStore|iPhoneSimulator.ActiveCfg = Debug|Any CPU
		{11DE7AF0-DA7A-4C6B-BDAF-544C6277B892}.AppStore|iPhoneSimulator.Build.0 = Debug|Any CPU
		{11DE7AF0-DA7A-4C6B-BDAF-544C6277B892}.AppStore|iPhoneSimulator.Deploy.0 = Debug|Any CPU
		{11DE7AF0-DA7A-4C6B-BDAF-544C6277B892}.AppStore|x64.ActiveCfg = Debug|Any CPU
		{11DE7AF0-DA7A-4C6B-BDAF-544C6277B892}.AppStore|x64.Build.0 = Debug|Any CPU
		{11DE7AF0-DA7A-4C6B-BDAF-544C6277B892}.AppStore|x64.Deploy.0 = Debug|Any CPU
		{11DE7AF0-DA7A-4C6B-BDAF-544C6277B892}.AppStore|x86.ActiveCfg = Debug|Any CPU
		{11DE7AF0-DA7A-4C6B-BDAF-544C6277B892}.AppStore|x86.Build.0 = Debug|Any CPU
		{11DE7AF0-DA7A-4C6B-BDAF-544C6277B892}.AppStore|x86.Deploy.0 = Debug|Any CPU
		{11DE7AF0-DA7A-4C6B-BDAF-544C6277B892}.Debug|Any CPU.ActiveCfg = Debug|Any CPU
		{11DE7AF0-DA7A-4C6B-BDAF-544C6277B892}.Debug|Any CPU.Build.0 = Debug|Any CPU
		{11DE7AF0-DA7A-4C6B-BDAF-544C6277B892}.Debug|Any CPU.Deploy.0 = Debug|Any CPU
		{11DE7AF0-DA7A-4C6B-BDAF-544C6277B892}.Debug|ARM.ActiveCfg = Debug|Any CPU
		{11DE7AF0-DA7A-4C6B-BDAF-544C6277B892}.Debug|ARM.Build.0 = Debug|Any CPU
		{11DE7AF0-DA7A-4C6B-BDAF-544C6277B892}.Debug|ARM.Deploy.0 = Debug|Any CPU
		{11DE7AF0-DA7A-4C6B-BDAF-544C6277B892}.Debug|iPhone.ActiveCfg = Debug|Any CPU
		{11DE7AF0-DA7A-4C6B-BDAF-544C6277B892}.Debug|iPhone.Build.0 = Debug|Any CPU
		{11DE7AF0-DA7A-4C6B-BDAF-544C6277B892}.Debug|iPhone.Deploy.0 = Debug|Any CPU
		{11DE7AF0-DA7A-4C6B-BDAF-544C6277B892}.Debug|iPhoneSimulator.ActiveCfg = Debug|Any CPU
		{11DE7AF0-DA7A-4C6B-BDAF-544C6277B892}.Debug|iPhoneSimulator.Build.0 = Debug|Any CPU
		{11DE7AF0-DA7A-4C6B-BDAF-544C6277B892}.Debug|iPhoneSimulator.Deploy.0 = Debug|Any CPU
		{11DE7AF0-DA7A-4C6B-BDAF-544C6277B892}.Debug|x64.ActiveCfg = Debug|Any CPU
		{11DE7AF0-DA7A-4C6B-BDAF-544C6277B892}.Debug|x64.Build.0 = Debug|Any CPU
		{11DE7AF0-DA7A-4C6B-BDAF-544C6277B892}.Debug|x64.Deploy.0 = Debug|Any CPU
		{11DE7AF0-DA7A-4C6B-BDAF-544C6277B892}.Debug|x86.ActiveCfg = Debug|Any CPU
		{11DE7AF0-DA7A-4C6B-BDAF-544C6277B892}.Debug|x86.Build.0 = Debug|Any CPU
		{11DE7AF0-DA7A-4C6B-BDAF-544C6277B892}.Debug|x86.Deploy.0 = Debug|Any CPU
		{11DE7AF0-DA7A-4C6B-BDAF-544C6277B892}.Release|Any CPU.ActiveCfg = Release|Any CPU
		{11DE7AF0-DA7A-4C6B-BDAF-544C6277B892}.Release|Any CPU.Build.0 = Release|Any CPU
		{11DE7AF0-DA7A-4C6B-BDAF-544C6277B892}.Release|Any CPU.Deploy.0 = Release|Any CPU
		{11DE7AF0-DA7A-4C6B-BDAF-544C6277B892}.Release|ARM.ActiveCfg = Release|Any CPU
		{11DE7AF0-DA7A-4C6B-BDAF-544C6277B892}.Release|ARM.Build.0 = Release|Any CPU
		{11DE7AF0-DA7A-4C6B-BDAF-544C6277B892}.Release|ARM.Deploy.0 = Release|Any CPU
		{11DE7AF0-DA7A-4C6B-BDAF-544C6277B892}.Release|iPhone.ActiveCfg = Release|Any CPU
		{11DE7AF0-DA7A-4C6B-BDAF-544C6277B892}.Release|iPhone.Build.0 = Release|Any CPU
		{11DE7AF0-DA7A-4C6B-BDAF-544C6277B892}.Release|iPhone.Deploy.0 = Release|Any CPU
		{11DE7AF0-DA7A-4C6B-BDAF-544C6277B892}.Release|iPhoneSimulator.ActiveCfg = Release|Any CPU
		{11DE7AF0-DA7A-4C6B-BDAF-544C6277B892}.Release|iPhoneSimulator.Build.0 = Release|Any CPU
		{11DE7AF0-DA7A-4C6B-BDAF-544C6277B892}.Release|iPhoneSimulator.Deploy.0 = Release|Any CPU
		{11DE7AF0-DA7A-4C6B-BDAF-544C6277B892}.Release|x64.ActiveCfg = Release|Any CPU
		{11DE7AF0-DA7A-4C6B-BDAF-544C6277B892}.Release|x64.Build.0 = Release|Any CPU
		{11DE7AF0-DA7A-4C6B-BDAF-544C6277B892}.Release|x64.Deploy.0 = Release|Any CPU
		{11DE7AF0-DA7A-4C6B-BDAF-544C6277B892}.Release|x86.ActiveCfg = Release|Any CPU
		{11DE7AF0-DA7A-4C6B-BDAF-544C6277B892}.Release|x86.Build.0 = Release|Any CPU
		{11DE7AF0-DA7A-4C6B-BDAF-544C6277B892}.Release|x86.Deploy.0 = Release|Any CPU
	EndGlobalSection
	GlobalSection(SolutionProperties) = preSolution
		HideSolutionNode = FALSE
	EndGlobalSection
	GlobalSection(ExtensibilityGlobals) = postSolution
		SolutionGuid = {62894D39-A4B3-41F6-8A13-AEB0386D81F6}
	EndGlobalSection
EndGlobal
