
Microsoft Visual Studio Solution File, Format Version 12.00
# Visual Studio 15
VisualStudioVersion = 15.0.28010.2016
MinimumVisualStudioVersion = 10.0.40219.1
Project("{FAE04EC0-301F-11D3-BF4B-00C04F79EFBC}") = "Client", "Client\Client.csproj", "{41966EB1-8B81-450A-BD72-12ABD5C22A0B}"
EndProject
Global
	GlobalSection(SolutionConfigurationPlatforms) = preSolution
		Debug|Any CPU = Debug|Any CPU
		Release|Any CPU = Release|Any CPU
	EndGlobalSection
	GlobalSection(ProjectConfigurationPlatforms) = postSolution
		{41966EB1-8B81-450A-BD72-12ABD5C22A0B}.Debug|Any CPU.ActiveCfg = Debug|Any CPU
		{41966EB1-8B81-450A-BD72-12ABD5C22A0B}.Debug|Any CPU.Build.0 = Debug|Any CPU
		{41966EB1-8B81-450A-BD72-12ABD5C22A0B}.Release|Any CPU.ActiveCfg = Release|Any CPU
		{41966EB1-8B81-450A-BD72-12ABD5C22A0B}.Release|Any CPU.Build.0 = Release|Any CPU
	EndGlobalSection
	GlobalSection(SolutionProperties) = preSolution
		HideSolutionNode = FALSE
	EndGlobalSection
	GlobalSection(ExtensibilityGlobals) = postSolution
		SolutionGuid = {7DAD0021-238F-4CF1-9504-E1C42F933770}
	EndGlobalSection
EndGlobal
